// !$*UTF8*$!
{
	archiveVersion = 1;
	classes = {
	};
	objectVersion = 56;
	objects = {

/* Begin PBXBuildFile section */
		834960802AFD42E300A78244 /* CustomFooterView.swift in Sources */ = {isa = PBXBuildFile; fileRef = 8349607F2AFD42E300A78244 /* CustomFooterView.swift */; };
		834960852AFD4BAE00A78244 /* SecondCustomHeaderView.swift in Sources */ = {isa = PBXBuildFile; fileRef = 834960842AFD4BAE00A78244 /* SecondCustomHeaderView.swift */; };
		834960872AFD4BBC00A78244 /* SecondCustomFooterView.swift in Sources */ = {isa = PBXBuildFile; fileRef = 834960862AFD4BBC00A78244 /* SecondCustomFooterView.swift */; };
		834960C12B011B6500A78244 /* WeatherService.swift in Sources */ = {isa = PBXBuildFile; fileRef = 834960C02B011B6500A78244 /* WeatherService.swift */; };
		834960C32B011D2A00A78244 /* OpenWeatherData.swift in Sources */ = {isa = PBXBuildFile; fileRef = 834960C22B011D2A00A78244 /* OpenWeatherData.swift */; };
		834960C82B025AF800A78244 /* NetworkError.swift in Sources */ = {isa = PBXBuildFile; fileRef = 834960C72B025AF800A78244 /* NetworkError.swift */; };
		835E9E492AFBEE0300D5E4C5 /* HourCollectionViewCell.swift in Sources */ = {isa = PBXBuildFile; fileRef = 835E9E482AFBEE0300D5E4C5 /* HourCollectionViewCell.swift */; };
		835E9E4B2AFCCB8200D5E4C5 /* CustomHeaderView.swift in Sources */ = {isa = PBXBuildFile; fileRef = 835E9E4A2AFCCB8200D5E4C5 /* CustomHeaderView.swift */; };
		838AA6832ADB93AF00CC766B /* AppDelegate.swift in Sources */ = {isa = PBXBuildFile; fileRef = 838AA6822ADB93AF00CC766B /* AppDelegate.swift */; };
		838AA6852ADB93AF00CC766B /* SceneDelegate.swift in Sources */ = {isa = PBXBuildFile; fileRef = 838AA6842ADB93AF00CC766B /* SceneDelegate.swift */; };
		838AA6872ADB93AF00CC766B /* ViewController.swift in Sources */ = {isa = PBXBuildFile; fileRef = 838AA6862ADB93AF00CC766B /* ViewController.swift */; };
		838AA68C2ADB93B100CC766B /* Assets.xcassets in Resources */ = {isa = PBXBuildFile; fileRef = 838AA68B2ADB93B100CC766B /* Assets.xcassets */; };
		838AA68F2ADB93B100CC766B /* LaunchScreen.storyboard in Resources */ = {isa = PBXBuildFile; fileRef = 838AA68D2ADB93B100CC766B /* LaunchScreen.storyboard */; };
		838AA69A2ADD675800CC766B /* SF-Pro-Display-Bold.otf in Resources */ = {isa = PBXBuildFile; fileRef = 838AA6992ADD675800CC766B /* SF-Pro-Display-Bold.otf */; };
		838AA69C2ADD677B00CC766B /* SF-Pro-Display-Light.otf in Resources */ = {isa = PBXBuildFile; fileRef = 838AA69B2ADD677B00CC766B /* SF-Pro-Display-Light.otf */; };
		838AA69E2ADD678900CC766B /* SF-Pro-Display-Medium.otf in Resources */ = {isa = PBXBuildFile; fileRef = 838AA69D2ADD678900CC766B /* SF-Pro-Display-Medium.otf */; };
		838AA6A02ADD679300CC766B /* SF-Pro-Display-Regular.otf in Resources */ = {isa = PBXBuildFile; fileRef = 838AA69F2ADD679300CC766B /* SF-Pro-Display-Regular.otf */; };
		838AA6A22ADD67A500CC766B /* SF-Pro-Display-Thin.otf in Resources */ = {isa = PBXBuildFile; fileRef = 838AA6A12ADD67A500CC766B /* SF-Pro-Display-Thin.otf */; };
		838AA6A52ADD77A300CC766B /* Font.swift in Sources */ = {isa = PBXBuildFile; fileRef = 838AA6A42ADD77A300CC766B /* Font.swift */; };
		838AA6A72ADD79C100CC766B /* ResultViewController.swift in Sources */ = {isa = PBXBuildFile; fileRef = 838AA6A62ADD79C100CC766B /* ResultViewController.swift */; };
		8394798B2AEFC31B00DE7A90 /* WeatherListTableViewCell.swift in Sources */ = {isa = PBXBuildFile; fileRef = 8394798A2AEFC31B00DE7A90 /* WeatherListTableViewCell.swift */; };
		8394798D2AEFC38400DE7A90 /* WeatherListData.swift in Sources */ = {isa = PBXBuildFile; fileRef = 8394798C2AEFC38400DE7A90 /* WeatherListData.swift */; };
		839479922AEFF3C600DE7A90 /* Then in Frameworks */ = {isa = PBXBuildFile; productRef = 839479912AEFF3C600DE7A90 /* Then */; };
		839479952AEFF3D200DE7A90 /* SnapKit in Frameworks */ = {isa = PBXBuildFile; productRef = 839479942AEFF3D200DE7A90 /* SnapKit */; };
		8394799B2AF3F0CD00DE7A90 /* DayWeatherListData.swift in Sources */ = {isa = PBXBuildFile; fileRef = 8394799A2AF3F0CD00DE7A90 /* DayWeatherListData.swift */; };
		8394799D2AF4A97800DE7A90 /* DayWeatherCollectionViewCell.swift in Sources */ = {isa = PBXBuildFile; fileRef = 8394799C2AF4A97800DE7A90 /* DayWeatherCollectionViewCell.swift */; };
		83DCC7B82AF8D270000EC679 /* TopCollectionViewCell.swift in Sources */ = {isa = PBXBuildFile; fileRef = 83DCC7B72AF8D270000EC679 /* TopCollectionViewCell.swift */; };
		83DCC7BA2AF8D549000EC679 /* TimeWeatherCollectionViewCell.swift in Sources */ = {isa = PBXBuildFile; fileRef = 83DCC7B92AF8D549000EC679 /* TimeWeatherCollectionViewCell.swift */; };
		83DCC7BC2AF8D715000EC679 /* TimeWeatherListData.swift in Sources */ = {isa = PBXBuildFile; fileRef = 83DCC7BB2AF8D715000EC679 /* TimeWeatherListData.swift */; };
		83FEC0452B1E162800D91AE4 /* UIStackView+.swift in Sources */ = {isa = PBXBuildFile; fileRef = 83FEC0442B1E162800D91AE4 /* UIStackView+.swift */; };
		83FEC0472B1E166700D91AE4 /* NSObject+.swift in Sources */ = {isa = PBXBuildFile; fileRef = 83FEC0462B1E166700D91AE4 /* NSObject+.swift */; };
		83FEC0492B1F0F2400D91AE4 /* UIView+.swift in Sources */ = {isa = PBXBuildFile; fileRef = 83FEC0482B1F0F2400D91AE4 /* UIView+.swift */; };
/* End PBXBuildFile section */

/* Begin PBXFileReference section */
		8349607F2AFD42E300A78244 /* CustomFooterView.swift */ = {isa = PBXFileReference; lastKnownFileType = sourcecode.swift; path = CustomFooterView.swift; sourceTree = "<group>"; };
		834960842AFD4BAE00A78244 /* SecondCustomHeaderView.swift */ = {isa = PBXFileReference; lastKnownFileType = sourcecode.swift; path = SecondCustomHeaderView.swift; sourceTree = "<group>"; };
		834960862AFD4BBC00A78244 /* SecondCustomFooterView.swift */ = {isa = PBXFileReference; lastKnownFileType = sourcecode.swift; path = SecondCustomFooterView.swift; sourceTree = "<group>"; };
		834960C02B011B6500A78244 /* WeatherService.swift */ = {isa = PBXFileReference; lastKnownFileType = sourcecode.swift; path = WeatherService.swift; sourceTree = "<group>"; };
		834960C22B011D2A00A78244 /* OpenWeatherData.swift */ = {isa = PBXFileReference; lastKnownFileType = sourcecode.swift; path = OpenWeatherData.swift; sourceTree = "<group>"; };
		834960C62B012BDB00A78244 /* Secrets.xcconfig */ = {isa = PBXFileReference; lastKnownFileType = text.xcconfig; path = Secrets.xcconfig; sourceTree = "<group>"; };
		834960C72B025AF800A78244 /* NetworkError.swift */ = {isa = PBXFileReference; lastKnownFileType = sourcecode.swift; path = NetworkError.swift; sourceTree = "<group>"; };
		835E9E482AFBEE0300D5E4C5 /* HourCollectionViewCell.swift */ = {isa = PBXFileReference; lastKnownFileType = sourcecode.swift; path = HourCollectionViewCell.swift; sourceTree = "<group>"; };
		835E9E4A2AFCCB8200D5E4C5 /* CustomHeaderView.swift */ = {isa = PBXFileReference; lastKnownFileType = sourcecode.swift; path = CustomHeaderView.swift; sourceTree = "<group>"; };
		838AA67F2ADB93AF00CC766B /* SOPT33_assignment2.app */ = {isa = PBXFileReference; explicitFileType = wrapper.application; includeInIndex = 0; path = SOPT33_assignment2.app; sourceTree = BUILT_PRODUCTS_DIR; };
		838AA6822ADB93AF00CC766B /* AppDelegate.swift */ = {isa = PBXFileReference; lastKnownFileType = sourcecode.swift; path = AppDelegate.swift; sourceTree = "<group>"; };
		838AA6842ADB93AF00CC766B /* SceneDelegate.swift */ = {isa = PBXFileReference; lastKnownFileType = sourcecode.swift; path = SceneDelegate.swift; sourceTree = "<group>"; };
		838AA6862ADB93AF00CC766B /* ViewController.swift */ = {isa = PBXFileReference; lastKnownFileType = sourcecode.swift; path = ViewController.swift; sourceTree = "<group>"; };
		838AA68B2ADB93B100CC766B /* Assets.xcassets */ = {isa = PBXFileReference; lastKnownFileType = folder.assetcatalog; path = Assets.xcassets; sourceTree = "<group>"; };
		838AA68E2ADB93B100CC766B /* Base */ = {isa = PBXFileReference; lastKnownFileType = file.storyboard; name = Base; path = Base.lproj/LaunchScreen.storyboard; sourceTree = "<group>"; };
		838AA6902ADB93B100CC766B /* Info.plist */ = {isa = PBXFileReference; lastKnownFileType = text.plist.xml; path = Info.plist; sourceTree = "<group>"; };
		838AA6992ADD675800CC766B /* SF-Pro-Display-Bold.otf */ = {isa = PBXFileReference; lastKnownFileType = file; path = "SF-Pro-Display-Bold.otf"; sourceTree = "<group>"; };
		838AA69B2ADD677B00CC766B /* SF-Pro-Display-Light.otf */ = {isa = PBXFileReference; lastKnownFileType = file; path = "SF-Pro-Display-Light.otf"; sourceTree = "<group>"; };
		838AA69D2ADD678900CC766B /* SF-Pro-Display-Medium.otf */ = {isa = PBXFileReference; lastKnownFileType = file; path = "SF-Pro-Display-Medium.otf"; sourceTree = "<group>"; };
		838AA69F2ADD679300CC766B /* SF-Pro-Display-Regular.otf */ = {isa = PBXFileReference; lastKnownFileType = file; path = "SF-Pro-Display-Regular.otf"; sourceTree = "<group>"; };
		838AA6A12ADD67A500CC766B /* SF-Pro-Display-Thin.otf */ = {isa = PBXFileReference; lastKnownFileType = file; path = "SF-Pro-Display-Thin.otf"; sourceTree = "<group>"; };
		838AA6A42ADD77A300CC766B /* Font.swift */ = {isa = PBXFileReference; lastKnownFileType = sourcecode.swift; path = Font.swift; sourceTree = "<group>"; };
		838AA6A62ADD79C100CC766B /* ResultViewController.swift */ = {isa = PBXFileReference; lastKnownFileType = sourcecode.swift; path = ResultViewController.swift; sourceTree = "<group>"; };
		8394798A2AEFC31B00DE7A90 /* WeatherListTableViewCell.swift */ = {isa = PBXFileReference; lastKnownFileType = sourcecode.swift; path = WeatherListTableViewCell.swift; sourceTree = "<group>"; };
		8394798C2AEFC38400DE7A90 /* WeatherListData.swift */ = {isa = PBXFileReference; lastKnownFileType = sourcecode.swift; path = WeatherListData.swift; sourceTree = "<group>"; };
		8394799A2AF3F0CD00DE7A90 /* DayWeatherListData.swift */ = {isa = PBXFileReference; lastKnownFileType = sourcecode.swift; path = DayWeatherListData.swift; sourceTree = "<group>"; };
		8394799C2AF4A97800DE7A90 /* DayWeatherCollectionViewCell.swift */ = {isa = PBXFileReference; lastKnownFileType = sourcecode.swift; path = DayWeatherCollectionViewCell.swift; sourceTree = "<group>"; };
		83DCC7B72AF8D270000EC679 /* TopCollectionViewCell.swift */ = {isa = PBXFileReference; lastKnownFileType = sourcecode.swift; path = TopCollectionViewCell.swift; sourceTree = "<group>"; };
		83DCC7B92AF8D549000EC679 /* TimeWeatherCollectionViewCell.swift */ = {isa = PBXFileReference; lastKnownFileType = sourcecode.swift; path = TimeWeatherCollectionViewCell.swift; sourceTree = "<group>"; };
		83DCC7BB2AF8D715000EC679 /* TimeWeatherListData.swift */ = {isa = PBXFileReference; lastKnownFileType = sourcecode.swift; path = TimeWeatherListData.swift; sourceTree = "<group>"; };
		83FEC0442B1E162800D91AE4 /* UIStackView+.swift */ = {isa = PBXFileReference; lastKnownFileType = sourcecode.swift; path = "UIStackView+.swift"; sourceTree = "<group>"; };
		83FEC0462B1E166700D91AE4 /* NSObject+.swift */ = {isa = PBXFileReference; lastKnownFileType = sourcecode.swift; path = "NSObject+.swift"; sourceTree = "<group>"; };
		83FEC0482B1F0F2400D91AE4 /* UIView+.swift */ = {isa = PBXFileReference; lastKnownFileType = sourcecode.swift; path = "UIView+.swift"; sourceTree = "<group>"; };
/* End PBXFileReference section */

/* Begin PBXFrameworksBuildPhase section */
		838AA67C2ADB93AF00CC766B /* Frameworks */ = {
			isa = PBXFrameworksBuildPhase;
			buildActionMask = 2147483647;
			files = (
				839479922AEFF3C600DE7A90 /* Then in Frameworks */,
				839479952AEFF3D200DE7A90 /* SnapKit in Frameworks */,
			);
			runOnlyForDeploymentPostprocessing = 0;
		};
/* End PBXFrameworksBuildPhase section */

/* Begin PBXGroup section */
		834960812AFD4B3900A78244 /* FirstSection */ = {
			isa = PBXGroup;
			children = (
				83DCC7B72AF8D270000EC679 /* TopCollectionViewCell.swift */,
			);
			path = FirstSection;
			sourceTree = "<group>";
		};
		834960822AFD4B4400A78244 /* SecondSection */ = {
			isa = PBXGroup;
			children = (
				83DCC7B92AF8D549000EC679 /* TimeWeatherCollectionViewCell.swift */,
				835E9E482AFBEE0300D5E4C5 /* HourCollectionViewCell.swift */,
				834960842AFD4BAE00A78244 /* SecondCustomHeaderView.swift */,
				834960862AFD4BBC00A78244 /* SecondCustomFooterView.swift */,
			);
			path = SecondSection;
			sourceTree = "<group>";
		};
		834960832AFD4B5800A78244 /* ThirdSection */ = {
			isa = PBXGroup;
			children = (
				8394799C2AF4A97800DE7A90 /* DayWeatherCollectionViewCell.swift */,
				835E9E4A2AFCCB8200D5E4C5 /* CustomHeaderView.swift */,
				8349607F2AFD42E300A78244 /* CustomFooterView.swift */,
			);
			path = ThirdSection;
			sourceTree = "<group>";
		};
		834960C92B025B1400A78244 /* Network */ = {
			isa = PBXGroup;
			children = (
				83FEC0532B1F7D3600D91AE4 /* Service */,
				83FEC0522B1F7D2F00D91AE4 /* Data */,
				834960C72B025AF800A78244 /* NetworkError.swift */,
			);
			path = Network;
			sourceTree = "<group>";
		};
		838AA6762ADB93AF00CC766B = {
			isa = PBXGroup;
			children = (
				834960C62B012BDB00A78244 /* Secrets.xcconfig */,
				838AA6812ADB93AF00CC766B /* SOPT33_assignment2 */,
				838AA6802ADB93AF00CC766B /* Products */,
			);
			sourceTree = "<group>";
		};
		838AA6802ADB93AF00CC766B /* Products */ = {
			isa = PBXGroup;
			children = (
				838AA67F2ADB93AF00CC766B /* SOPT33_assignment2.app */,
			);
			name = Products;
			sourceTree = "<group>";
		};
		838AA6812ADB93AF00CC766B /* SOPT33_assignment2 */ = {
			isa = PBXGroup;
			children = (
				83FEC0422B1E158200D91AE4 /* Application */,
				83FEC0432B1E159800D91AE4 /* Global */,
				834960C92B025B1400A78244 /* Network */,
				83FEC04C2B1F7B3400D91AE4 /* Model */,
				83FEC04A2B1F7AD700D91AE4 /* VC */,
				83FEC04B2B1F7B1500D91AE4 /* Cell */,
				838AA68D2ADB93B100CC766B /* LaunchScreen.storyboard */,
				838AA6902ADB93B100CC766B /* Info.plist */,
			);
			path = SOPT33_assignment2;
			sourceTree = "<group>";
		};
		838AA6A32ADD687A00CC766B /* Fonts */ = {
			isa = PBXGroup;
			children = (
				838AA6A42ADD77A300CC766B /* Font.swift */,
				838AA6A12ADD67A500CC766B /* SF-Pro-Display-Thin.otf */,
				838AA69B2ADD677B00CC766B /* SF-Pro-Display-Light.otf */,
				838AA69F2ADD679300CC766B /* SF-Pro-Display-Regular.otf */,
				838AA69D2ADD678900CC766B /* SF-Pro-Display-Medium.otf */,
				838AA6992ADD675800CC766B /* SF-Pro-Display-Bold.otf */,
			);
			path = Fonts;
			sourceTree = "<group>";
		};
		83FEC0412B1E156400D91AE4 /* Extension */ = {
			isa = PBXGroup;
			children = (
				83FEC0482B1F0F2400D91AE4 /* UIView+.swift */,
				83FEC0442B1E162800D91AE4 /* UIStackView+.swift */,
				83FEC0462B1E166700D91AE4 /* NSObject+.swift */,
			);
			path = Extension;
			sourceTree = "<group>";
		};
		83FEC0422B1E158200D91AE4 /* Application */ = {
			isa = PBXGroup;
			children = (
				838AA6822ADB93AF00CC766B /* AppDelegate.swift */,
				838AA6842ADB93AF00CC766B /* SceneDelegate.swift */,
			);
			path = Application;
			sourceTree = "<group>";
		};
		83FEC0432B1E159800D91AE4 /* Global */ = {
			isa = PBXGroup;
			children = (
				838AA68B2ADB93B100CC766B /* Assets.xcassets */,
				838AA6A32ADD687A00CC766B /* Fonts */,
				83FEC0412B1E156400D91AE4 /* Extension */,
			);
			path = Global;
			sourceTree = "<group>";
		};
		83FEC04A2B1F7AD700D91AE4 /* VC */ = {
			isa = PBXGroup;
			children = (
				838AA6862ADB93AF00CC766B /* ViewController.swift */,
				838AA6A62ADD79C100CC766B /* ResultViewController.swift */,
			);
			path = VC;
			sourceTree = "<group>";
		};
		83FEC04B2B1F7B1500D91AE4 /* Cell */ = {
			isa = PBXGroup;
			children = (
				83FEC04F2B1F7B8900D91AE4 /* WeatherList */,
				83FEC04E2B1F7B7F00D91AE4 /* DetailWeatherList */,
			);
			path = Cell;
			sourceTree = "<group>";
		};
		83FEC04C2B1F7B3400D91AE4 /* Model */ = {
			isa = PBXGroup;
			children = (
				83FEC0512B1F7C7800D91AE4 /* WeatherList */,
				83FEC0502B1F7C6C00D91AE4 /* DetailWeatherList */,
			);
			path = Model;
			sourceTree = "<group>";
		};
		83FEC04E2B1F7B7F00D91AE4 /* DetailWeatherList */ = {
			isa = PBXGroup;
			children = (
				834960812AFD4B3900A78244 /* FirstSection */,
				834960822AFD4B4400A78244 /* SecondSection */,
				834960832AFD4B5800A78244 /* ThirdSection */,
			);
			path = DetailWeatherList;
			sourceTree = "<group>";
		};
		83FEC04F2B1F7B8900D91AE4 /* WeatherList */ = {
			isa = PBXGroup;
			children = (
				8394798A2AEFC31B00DE7A90 /* WeatherListTableViewCell.swift */,
			);
			path = WeatherList;
			sourceTree = "<group>";
		};
		83FEC0502B1F7C6C00D91AE4 /* DetailWeatherList */ = {
			isa = PBXGroup;
			children = (
				8394799A2AF3F0CD00DE7A90 /* DayWeatherListData.swift */,
				83DCC7BB2AF8D715000EC679 /* TimeWeatherListData.swift */,
			);
			path = DetailWeatherList;
			sourceTree = "<group>";
		};
		83FEC0512B1F7C7800D91AE4 /* WeatherList */ = {
			isa = PBXGroup;
			children = (
				8394798C2AEFC38400DE7A90 /* WeatherListData.swift */,
			);
			path = WeatherList;
			sourceTree = "<group>";
		};
		83FEC0522B1F7D2F00D91AE4 /* Data */ = {
			isa = PBXGroup;
			children = (
				834960C22B011D2A00A78244 /* OpenWeatherData.swift */,
			);
			path = Data;
			sourceTree = "<group>";
		};
		83FEC0532B1F7D3600D91AE4 /* Service */ = {
			isa = PBXGroup;
			children = (
				834960C02B011B6500A78244 /* WeatherService.swift */,
			);
			path = Service;
			sourceTree = "<group>";
		};
/* End PBXGroup section */

/* Begin PBXNativeTarget section */
		838AA67E2ADB93AF00CC766B /* SOPT33_assignment2 */ = {
			isa = PBXNativeTarget;
			buildConfigurationList = 838AA6932ADB93B100CC766B /* Build configuration list for PBXNativeTarget "SOPT33_assignment2" */;
			buildPhases = (
				838AA67B2ADB93AF00CC766B /* Sources */,
				838AA67C2ADB93AF00CC766B /* Frameworks */,
				838AA67D2ADB93AF00CC766B /* Resources */,
			);
			buildRules = (
			);
			dependencies = (
			);
			name = SOPT33_assignment2;
			packageProductDependencies = (
				839479912AEFF3C600DE7A90 /* Then */,
				839479942AEFF3D200DE7A90 /* SnapKit */,
			);
			productName = SOPT33_assignment2;
			productReference = 838AA67F2ADB93AF00CC766B /* SOPT33_assignment2.app */;
			productType = "com.apple.product-type.application";
		};
/* End PBXNativeTarget section */

/* Begin PBXProject section */
		838AA6772ADB93AF00CC766B /* Project object */ = {
			isa = PBXProject;
			attributes = {
				BuildIndependentTargetsInParallel = 1;
				LastSwiftUpdateCheck = 1430;
				LastUpgradeCheck = 1430;
				TargetAttributes = {
					838AA67E2ADB93AF00CC766B = {
						CreatedOnToolsVersion = 14.3.1;
					};
				};
			};
			buildConfigurationList = 838AA67A2ADB93AF00CC766B /* Build configuration list for PBXProject "SOPT33_assignment2" */;
			compatibilityVersion = "Xcode 14.0";
			developmentRegion = en;
			hasScannedForEncodings = 0;
			knownRegions = (
				en,
				Base,
			);
			mainGroup = 838AA6762ADB93AF00CC766B;
			packageReferences = (
				839479902AEFF3C600DE7A90 /* XCRemoteSwiftPackageReference "Then" */,
				839479932AEFF3D200DE7A90 /* XCRemoteSwiftPackageReference "SnapKit" */,
			);
			productRefGroup = 838AA6802ADB93AF00CC766B /* Products */;
			projectDirPath = "";
			projectRoot = "";
			targets = (
				838AA67E2ADB93AF00CC766B /* SOPT33_assignment2 */,
			);
		};
/* End PBXProject section */

/* Begin PBXResourcesBuildPhase section */
		838AA67D2ADB93AF00CC766B /* Resources */ = {
			isa = PBXResourcesBuildPhase;
			buildActionMask = 2147483647;
			files = (
				838AA6A22ADD67A500CC766B /* SF-Pro-Display-Thin.otf in Resources */,
				838AA69E2ADD678900CC766B /* SF-Pro-Display-Medium.otf in Resources */,
				838AA69C2ADD677B00CC766B /* SF-Pro-Display-Light.otf in Resources */,
				838AA68F2ADB93B100CC766B /* LaunchScreen.storyboard in Resources */,
				838AA69A2ADD675800CC766B /* SF-Pro-Display-Bold.otf in Resources */,
				838AA6A02ADD679300CC766B /* SF-Pro-Display-Regular.otf in Resources */,
				838AA68C2ADB93B100CC766B /* Assets.xcassets in Resources */,
			);
			runOnlyForDeploymentPostprocessing = 0;
		};
/* End PBXResourcesBuildPhase section */

/* Begin PBXSourcesBuildPhase section */
		838AA67B2ADB93AF00CC766B /* Sources */ = {
			isa = PBXSourcesBuildPhase;
			buildActionMask = 2147483647;
			files = (
				838AA6A72ADD79C100CC766B /* ResultViewController.swift in Sources */,
				838AA6A52ADD77A300CC766B /* Font.swift in Sources */,
				834960852AFD4BAE00A78244 /* SecondCustomHeaderView.swift in Sources */,
				83DCC7B82AF8D270000EC679 /* TopCollectionViewCell.swift in Sources */,
				8394798B2AEFC31B00DE7A90 /* WeatherListTableViewCell.swift in Sources */,
				8394799B2AF3F0CD00DE7A90 /* DayWeatherListData.swift in Sources */,
				83DCC7BC2AF8D715000EC679 /* TimeWeatherListData.swift in Sources */,
				83FEC0472B1E166700D91AE4 /* NSObject+.swift in Sources */,
				83FEC0452B1E162800D91AE4 /* UIStackView+.swift in Sources */,
				8394798D2AEFC38400DE7A90 /* WeatherListData.swift in Sources */,
				838AA6872ADB93AF00CC766B /* ViewController.swift in Sources */,
				834960C82B025AF800A78244 /* NetworkError.swift in Sources */,
				835E9E4B2AFCCB8200D5E4C5 /* CustomHeaderView.swift in Sources */,
				834960C12B011B6500A78244 /* WeatherService.swift in Sources */,
				834960802AFD42E300A78244 /* CustomFooterView.swift in Sources */,
				838AA6832ADB93AF00CC766B /* AppDelegate.swift in Sources */,
				835E9E492AFBEE0300D5E4C5 /* HourCollectionViewCell.swift in Sources */,
				834960C32B011D2A00A78244 /* OpenWeatherData.swift in Sources */,
				834960872AFD4BBC00A78244 /* SecondCustomFooterView.swift in Sources */,
				8394799D2AF4A97800DE7A90 /* DayWeatherCollectionViewCell.swift in Sources */,
				838AA6852ADB93AF00CC766B /* SceneDelegate.swift in Sources */,
				83DCC7BA2AF8D549000EC679 /* TimeWeatherCollectionViewCell.swift in Sources */,
				83FEC0492B1F0F2400D91AE4 /* UIView+.swift in Sources */,
			);
			runOnlyForDeploymentPostprocessing = 0;
		};
/* End PBXSourcesBuildPhase section */

/* Begin PBXVariantGroup section */
		838AA68D2ADB93B100CC766B /* LaunchScreen.storyboard */ = {
			isa = PBXVariantGroup;
			children = (
				838AA68E2ADB93B100CC766B /* Base */,
			);
			name = LaunchScreen.storyboard;
			sourceTree = "<group>";
		};
/* End PBXVariantGroup section */

/* Begin XCBuildConfiguration section */
		838AA6912ADB93B100CC766B /* Debug */ = {
			isa = XCBuildConfiguration;
			baseConfigurationReference = 834960C62B012BDB00A78244 /* Secrets.xcconfig */;
			buildSettings = {
				ALWAYS_SEARCH_USER_PATHS = NO;
				CLANG_ANALYZER_NONNULL = YES;
				CLANG_ANALYZER_NUMBER_OBJECT_CONVERSION = YES_AGGRESSIVE;
				CLANG_CXX_LANGUAGE_STANDARD = "gnu++20";
				CLANG_ENABLE_MODULES = YES;
				CLANG_ENABLE_OBJC_ARC = YES;
				CLANG_ENABLE_OBJC_WEAK = YES;
				CLANG_WARN_BLOCK_CAPTURE_AUTORELEASING = YES;
				CLANG_WARN_BOOL_CONVERSION = YES;
				CLANG_WARN_COMMA = YES;
				CLANG_WARN_CONSTANT_CONVERSION = YES;
				CLANG_WARN_DEPRECATED_OBJC_IMPLEMENTATIONS = YES;
				CLANG_WARN_DIRECT_OBJC_ISA_USAGE = YES_ERROR;
				CLANG_WARN_DOCUMENTATION_COMMENTS = YES;
				CLANG_WARN_EMPTY_BODY = YES;
				CLANG_WARN_ENUM_CONVERSION = YES;
				CLANG_WARN_INFINITE_RECURSION = YES;
				CLANG_WARN_INT_CONVERSION = YES;
				CLANG_WARN_NON_LITERAL_NULL_CONVERSION = YES;
				CLANG_WARN_OBJC_IMPLICIT_RETAIN_SELF = YES;
				CLANG_WARN_OBJC_LITERAL_CONVERSION = YES;
				CLANG_WARN_OBJC_ROOT_CLASS = YES_ERROR;
				CLANG_WARN_QUOTED_INCLUDE_IN_FRAMEWORK_HEADER = YES;
				CLANG_WARN_RANGE_LOOP_ANALYSIS = YES;
				CLANG_WARN_STRICT_PROTOTYPES = YES;
				CLANG_WARN_SUSPICIOUS_MOVE = YES;
				CLANG_WARN_UNGUARDED_AVAILABILITY = YES_AGGRESSIVE;
				CLANG_WARN_UNREACHABLE_CODE = YES;
				CLANG_WARN__DUPLICATE_METHOD_MATCH = YES;
				COPY_PHASE_STRIP = NO;
				DEBUG_INFORMATION_FORMAT = dwarf;
				ENABLE_STRICT_OBJC_MSGSEND = YES;
				ENABLE_TESTABILITY = YES;
				GCC_C_LANGUAGE_STANDARD = gnu11;
				GCC_DYNAMIC_NO_PIC = NO;
				GCC_NO_COMMON_BLOCKS = YES;
				GCC_OPTIMIZATION_LEVEL = 0;
				GCC_PREPROCESSOR_DEFINITIONS = (
					"DEBUG=1",
					"$(inherited)",
				);
				GCC_WARN_64_TO_32_BIT_CONVERSION = YES;
				GCC_WARN_ABOUT_RETURN_TYPE = YES_ERROR;
				GCC_WARN_UNDECLARED_SELECTOR = YES;
				GCC_WARN_UNINITIALIZED_AUTOS = YES_AGGRESSIVE;
				GCC_WARN_UNUSED_FUNCTION = YES;
				GCC_WARN_UNUSED_VARIABLE = YES;
				IPHONEOS_DEPLOYMENT_TARGET = 16.4;
				MTL_ENABLE_DEBUG_INFO = INCLUDE_SOURCE;
				MTL_FAST_MATH = YES;
				ONLY_ACTIVE_ARCH = YES;
				SDKROOT = iphoneos;
				SWIFT_ACTIVE_COMPILATION_CONDITIONS = DEBUG;
				SWIFT_OPTIMIZATION_LEVEL = "-Onone";
			};
			name = Debug;
		};
		838AA6922ADB93B100CC766B /* Release */ = {
			isa = XCBuildConfiguration;
			buildSettings = {
				ALWAYS_SEARCH_USER_PATHS = NO;
				CLANG_ANALYZER_NONNULL = YES;
				CLANG_ANALYZER_NUMBER_OBJECT_CONVERSION = YES_AGGRESSIVE;
				CLANG_CXX_LANGUAGE_STANDARD = "gnu++20";
				CLANG_ENABLE_MODULES = YES;
				CLANG_ENABLE_OBJC_ARC = YES;
				CLANG_ENABLE_OBJC_WEAK = YES;
				CLANG_WARN_BLOCK_CAPTURE_AUTORELEASING = YES;
				CLANG_WARN_BOOL_CONVERSION = YES;
				CLANG_WARN_COMMA = YES;
				CLANG_WARN_CONSTANT_CONVERSION = YES;
				CLANG_WARN_DEPRECATED_OBJC_IMPLEMENTATIONS = YES;
				CLANG_WARN_DIRECT_OBJC_ISA_USAGE = YES_ERROR;
				CLANG_WARN_DOCUMENTATION_COMMENTS = YES;
				CLANG_WARN_EMPTY_BODY = YES;
				CLANG_WARN_ENUM_CONVERSION = YES;
				CLANG_WARN_INFINITE_RECURSION = YES;
				CLANG_WARN_INT_CONVERSION = YES;
				CLANG_WARN_NON_LITERAL_NULL_CONVERSION = YES;
				CLANG_WARN_OBJC_IMPLICIT_RETAIN_SELF = YES;
				CLANG_WARN_OBJC_LITERAL_CONVERSION = YES;
				CLANG_WARN_OBJC_ROOT_CLASS = YES_ERROR;
				CLANG_WARN_QUOTED_INCLUDE_IN_FRAMEWORK_HEADER = YES;
				CLANG_WARN_RANGE_LOOP_ANALYSIS = YES;
				CLANG_WARN_STRICT_PROTOTYPES = YES;
				CLANG_WARN_SUSPICIOUS_MOVE = YES;
				CLANG_WARN_UNGUARDED_AVAILABILITY = YES_AGGRESSIVE;
				CLANG_WARN_UNREACHABLE_CODE = YES;
				CLANG_WARN__DUPLICATE_METHOD_MATCH = YES;
				COPY_PHASE_STRIP = NO;
				DEBUG_INFORMATION_FORMAT = "dwarf-with-dsym";
				ENABLE_NS_ASSERTIONS = NO;
				ENABLE_STRICT_OBJC_MSGSEND = YES;
				GCC_C_LANGUAGE_STANDARD = gnu11;
				GCC_NO_COMMON_BLOCKS = YES;
				GCC_WARN_64_TO_32_BIT_CONVERSION = YES;
				GCC_WARN_ABOUT_RETURN_TYPE = YES_ERROR;
				GCC_WARN_UNDECLARED_SELECTOR = YES;
				GCC_WARN_UNINITIALIZED_AUTOS = YES_AGGRESSIVE;
				GCC_WARN_UNUSED_FUNCTION = YES;
				GCC_WARN_UNUSED_VARIABLE = YES;
				IPHONEOS_DEPLOYMENT_TARGET = 16.4;
				MTL_ENABLE_DEBUG_INFO = NO;
				MTL_FAST_MATH = YES;
				SDKROOT = iphoneos;
				SWIFT_COMPILATION_MODE = wholemodule;
				SWIFT_OPTIMIZATION_LEVEL = "-O";
				VALIDATE_PRODUCT = YES;
			};
			name = Release;
		};
		838AA6942ADB93B100CC766B /* Debug */ = {
			isa = XCBuildConfiguration;
			baseConfigurationReference = 834960C62B012BDB00A78244 /* Secrets.xcconfig */;
			buildSettings = {
				ASSETCATALOG_COMPILER_APPICON_NAME = AppIcon;
				ASSETCATALOG_COMPILER_GLOBAL_ACCENT_COLOR_NAME = AccentColor;
				CODE_SIGN_STYLE = Automatic;
				CURRENT_PROJECT_VERSION = 1;
				DEVELOPMENT_TEAM = KT2Q6HC762;
				GENERATE_INFOPLIST_FILE = YES;
				INFOPLIST_FILE = SOPT33_assignment2/Info.plist;
				INFOPLIST_KEY_UIApplicationSupportsIndirectInputEvents = YES;
				INFOPLIST_KEY_UILaunchStoryboardName = LaunchScreen;
				INFOPLIST_KEY_UISupportedInterfaceOrientations_iPad = "UIInterfaceOrientationPortrait UIInterfaceOrientationPortraitUpsideDown UIInterfaceOrientationLandscapeLeft UIInterfaceOrientationLandscapeRight";
				INFOPLIST_KEY_UISupportedInterfaceOrientations_iPhone = "UIInterfaceOrientationPortrait UIInterfaceOrientationLandscapeLeft UIInterfaceOrientationLandscapeRight";
				LD_RUNPATH_SEARCH_PATHS = (
					"$(inherited)",
					"@executable_path/Frameworks",
				);
				MARKETING_VERSION = 1.0;
				PRODUCT_BUNDLE_IDENTIFIER = "com.gahyun.SOPT33-assignment2";
				PRODUCT_NAME = "$(TARGET_NAME)";
				SWIFT_EMIT_LOC_STRINGS = YES;
				SWIFT_VERSION = 5.0;
				TARGETED_DEVICE_FAMILY = "1,2";
			};
			name = Debug;
		};
		838AA6952ADB93B100CC766B /* Release */ = {
			isa = XCBuildConfiguration;
			buildSettings = {
				ASSETCATALOG_COMPILER_APPICON_NAME = AppIcon;
				ASSETCATALOG_COMPILER_GLOBAL_ACCENT_COLOR_NAME = AccentColor;
				CODE_SIGN_STYLE = Automatic;
				CURRENT_PROJECT_VERSION = 1;
				DEVELOPMENT_TEAM = KT2Q6HC762;
				GENERATE_INFOPLIST_FILE = YES;
				INFOPLIST_FILE = SOPT33_assignment2/Info.plist;
				INFOPLIST_KEY_UIApplicationSupportsIndirectInputEvents = YES;
				INFOPLIST_KEY_UILaunchStoryboardName = LaunchScreen;
				INFOPLIST_KEY_UISupportedInterfaceOrientations_iPad = "UIInterfaceOrientationPortrait UIInterfaceOrientationPortraitUpsideDown UIInterfaceOrientationLandscapeLeft UIInterfaceOrientationLandscapeRight";
				INFOPLIST_KEY_UISupportedInterfaceOrientations_iPhone = "UIInterfaceOrientationPortrait UIInterfaceOrientationLandscapeLeft UIInterfaceOrientationLandscapeRight";
				LD_RUNPATH_SEARCH_PATHS = (
					"$(inherited)",
					"@executable_path/Frameworks",
				);
				MARKETING_VERSION = 1.0;
				PRODUCT_BUNDLE_IDENTIFIER = "com.gahyun.SOPT33-assignment2";
				PRODUCT_NAME = "$(TARGET_NAME)";
				SWIFT_EMIT_LOC_STRINGS = YES;
				SWIFT_VERSION = 5.0;
				TARGETED_DEVICE_FAMILY = "1,2";
			};
			name = Release;
		};
/* End XCBuildConfiguration section */

/* Begin XCConfigurationList section */
		838AA67A2ADB93AF00CC766B /* Build configuration list for PBXProject "SOPT33_assignment2" */ = {
			isa = XCConfigurationList;
			buildConfigurations = (
				838AA6912ADB93B100CC766B /* Debug */,
				838AA6922ADB93B100CC766B /* Release */,
			);
			defaultConfigurationIsVisible = 0;
			defaultConfigurationName = Release;
		};
		838AA6932ADB93B100CC766B /* Build configuration list for PBXNativeTarget "SOPT33_assignment2" */ = {
			isa = XCConfigurationList;
			buildConfigurations = (
				838AA6942ADB93B100CC766B /* Debug */,
				838AA6952ADB93B100CC766B /* Release */,
			);
			defaultConfigurationIsVisible = 0;
			defaultConfigurationName = Release;
		};
/* End XCConfigurationList section */

/* Begin XCRemoteSwiftPackageReference section */
		839479902AEFF3C600DE7A90 /* XCRemoteSwiftPackageReference "Then" */ = {
			isa = XCRemoteSwiftPackageReference;
			repositoryURL = "https://github.com/devxoul/Then";
			requirement = {
				kind = upToNextMajorVersion;
				minimumVersion = 3.0.0;
			};
		};
		839479932AEFF3D200DE7A90 /* XCRemoteSwiftPackageReference "SnapKit" */ = {
			isa = XCRemoteSwiftPackageReference;
			repositoryURL = "https://github.com/SnapKit/SnapKit";
			requirement = {
				kind = upToNextMajorVersion;
				minimumVersion = 5.0.0;
			};
		};
/* End XCRemoteSwiftPackageReference section */

/* Begin XCSwiftPackageProductDependency section */
		839479912AEFF3C600DE7A90 /* Then */ = {
			isa = XCSwiftPackageProductDependency;
			package = 839479902AEFF3C600DE7A90 /* XCRemoteSwiftPackageReference "Then" */;
			productName = Then;
		};
		839479942AEFF3D200DE7A90 /* SnapKit */ = {
			isa = XCSwiftPackageProductDependency;
			package = 839479932AEFF3D200DE7A90 /* XCRemoteSwiftPackageReference "SnapKit" */;
			productName = SnapKit;
		};
/* End XCSwiftPackageProductDependency section */
	};
	rootObject = 838AA6772ADB93AF00CC766B /* Project object */;
}
